
Microsoft Visual Studio Solution File, Format Version 12.00
# Visual Studio Version 16
VisualStudioVersion = 16.0.31019.35
MinimumVisualStudioVersion = 10.0.40219.1
Project("{FAE04EC0-301F-11D3-BF4B-00C04F79EFBC}") = "Collections", "Collections\Collections.csproj", "{AE4EFF34-F0F9-4436-9366-97DE037BA3D5}"
EndProject
Global
	GlobalSection(SolutionConfigurationPlatforms) = preSolution
		Debug|Any CPU = Debug|Any CPU
		Release|Any CPU = Release|Any CPU
	EndGlobalSection
	GlobalSection(ProjectConfigurationPlatforms) = postSolution
		{AE4EFF34-F0F9-4436-9366-97DE037BA3D5}.Debug|Any CPU.ActiveCfg = Debug|Any CPU
		{AE4EFF34-F0F9-4436-9366-97DE037BA3D5}.Debug|Any CPU.Build.0 = Debug|Any CPU
		{AE4EFF34-F0F9-4436-9366-97DE037BA3D5}.Release|Any CPU.ActiveCfg = Release|Any CPU
		{AE4EFF34-F0F9-4436-9366-97DE037BA3D5}.Release|Any CPU.Build.0 = Release|Any CPU
	EndGlobalSection
	GlobalSection(SolutionProperties) = preSolution
		HideSolutionNode = FALSE
	EndGlobalSection
	GlobalSection(ExtensibilityGlobals) = postSolution
		SolutionGuid = {04AF3FFF-6514-4BDF-BAB4-AC7AB136FCA0}
	EndGlobalSection
EndGlobal
