
Microsoft Visual Studio Solution File, Format Version 12.00
# Visual Studio Version 16
VisualStudioVersion = 16.0.31019.35
MinimumVisualStudioVersion = 10.0.40219.1
Project("{FAE04EC0-301F-11D3-BF4B-00C04F79EFBC}") = "Exceptions", "Exceptions\Exceptions.csproj", "{6E983632-0386-40A4-866A-9A5751AA35E4}"
EndProject
Global
	GlobalSection(SolutionConfigurationPlatforms) = preSolution
		Debug|Any CPU = Debug|Any CPU
		Release|Any CPU = Release|Any CPU
	EndGlobalSection
	GlobalSection(ProjectConfigurationPlatforms) = postSolution
		{6E983632-0386-40A4-866A-9A5751AA35E4}.Debug|Any CPU.ActiveCfg = Debug|Any CPU
		{6E983632-0386-40A4-866A-9A5751AA35E4}.Debug|Any CPU.Build.0 = Debug|Any CPU
		{6E983632-0386-40A4-866A-9A5751AA35E4}.Release|Any CPU.ActiveCfg = Release|Any CPU
		{6E983632-0386-40A4-866A-9A5751AA35E4}.Release|Any CPU.Build.0 = Release|Any CPU
	EndGlobalSection
	GlobalSection(SolutionProperties) = preSolution
		HideSolutionNode = FALSE
	EndGlobalSection
	GlobalSection(ExtensibilityGlobals) = postSolution
		SolutionGuid = {F9DD5642-28E6-4086-B369-51DC4FD302F3}
	EndGlobalSection
EndGlobal
