
Microsoft Visual Studio Solution File, Format Version 12.00
# Visual Studio Version 16
VisualStudioVersion = 16.0.31019.35
MinimumVisualStudioVersion = 10.0.40219.1
Project("{FAE04EC0-301F-11D3-BF4B-00C04F79EFBC}") = "AccessModifiers", "AccessModifiers\AccessModifiers.csproj", "{9CB58FC2-6385-4484-A3FA-46E3F52FF272}"
EndProject
Project("{FAE04EC0-301F-11D3-BF4B-00C04F79EFBC}") = "AccessModifiersDemo", "AccessModifiersDemo\AccessModifiersDemo.csproj", "{8FC217EE-E2BD-4629-9DE0-592BAC0D4BB2}"
EndProject
Project("{FAE04EC0-301F-11D3-BF4B-00C04F79EFBC}") = "Constructors", "Constructors\Constructors.csproj", "{C79E707B-4A9A-4067-8DCA-202E7A75B63C}"
EndProject
Global
	GlobalSection(SolutionConfigurationPlatforms) = preSolution
		Debug|Any CPU = Debug|Any CPU
		Release|Any CPU = Release|Any CPU
	EndGlobalSection
	GlobalSection(ProjectConfigurationPlatforms) = postSolution
		{9CB58FC2-6385-4484-A3FA-46E3F52FF272}.Debug|Any CPU.ActiveCfg = Debug|Any CPU
		{9CB58FC2-6385-4484-A3FA-46E3F52FF272}.Debug|Any CPU.Build.0 = Debug|Any CPU
		{9CB58FC2-6385-4484-A3FA-46E3F52FF272}.Release|Any CPU.ActiveCfg = Release|Any CPU
		{9CB58FC2-6385-4484-A3FA-46E3F52FF272}.Release|Any CPU.Build.0 = Release|Any CPU
		{8FC217EE-E2BD-4629-9DE0-592BAC0D4BB2}.Debug|Any CPU.ActiveCfg = Debug|Any CPU
		{8FC217EE-E2BD-4629-9DE0-592BAC0D4BB2}.Debug|Any CPU.Build.0 = Debug|Any CPU
		{8FC217EE-E2BD-4629-9DE0-592BAC0D4BB2}.Release|Any CPU.ActiveCfg = Release|Any CPU
		{8FC217EE-E2BD-4629-9DE0-592BAC0D4BB2}.Release|Any CPU.Build.0 = Release|Any CPU
		{C79E707B-4A9A-4067-8DCA-202E7A75B63C}.Debug|Any CPU.ActiveCfg = Debug|Any CPU
		{C79E707B-4A9A-4067-8DCA-202E7A75B63C}.Debug|Any CPU.Build.0 = Debug|Any CPU
		{C79E707B-4A9A-4067-8DCA-202E7A75B63C}.Release|Any CPU.ActiveCfg = Release|Any CPU
		{C79E707B-4A9A-4067-8DCA-202E7A75B63C}.Release|Any CPU.Build.0 = Release|Any CPU
	EndGlobalSection
	GlobalSection(SolutionProperties) = preSolution
		HideSolutionNode = FALSE
	EndGlobalSection
	GlobalSection(ExtensibilityGlobals) = postSolution
		SolutionGuid = {E3985806-B499-4165-8A2F-83A15694DE1B}
	EndGlobalSection
EndGlobal
